{
  "version": 4,
  "terraform_version": "1.3.6",
  "serial": 8,
  "lineage": "77f1b86d-dc03-ca61-ef19-bc0c03da7763",
  "outputs": {},
  "resources": [
    {
      "mode": "managed",
      "type": "azurerm_network_interface",
      "name": "mainni",
      "provider": "provider[\"registry.terraform.io/hashicorp/azurerm\"]",
      "instances": [
        {
          "schema_version": 0,
          "attributes": {
            "applied_dns_servers": [],
            "dns_servers": [],
            "edge_zone": "",
            "enable_accelerated_networking": false,
            "enable_ip_forwarding": false,
            "id": "/subscriptions/5e94c781-abfd-4ab8-8d16-b3f7d20621df/resourceGroups/assignment-resources/providers/Microsoft.Network/networkInterfaces/assignment-nic",
            "internal_dns_name_label": "",
            "internal_domain_name_suffix": "gnqx5jxv0jbepi4b5wvr0ferkg.ax.internal.cloudapp.net",
            "ip_configuration": [
              {
                "gateway_load_balancer_frontend_ip_configuration_id": "",
                "name": "asconfiguration1",
                "primary": true,
                "private_ip_address": "10.0.2.4",
                "private_ip_address_allocation": "Dynamic",
                "private_ip_address_version": "IPv4",
                "public_ip_address_id": "",
                "subnet_id": "/subscriptions/5e94c781-abfd-4ab8-8d16-b3f7d20621df/resourceGroups/assignment-resources/providers/Microsoft.Network/virtualNetworks/assignment-network/subnets/internal"
              }
            ],
            "location": "westeurope",
            "mac_address": "00-0D-3A-A8-91-F0",
            "name": "assignment-nic",
            "private_ip_address": "10.0.2.4",
            "private_ip_addresses": [
              "10.0.2.4"
            ],
            "resource_group_name": "assignment-resources",
            "tags": {},
            "timeouts": null,
            "virtual_machine_id": "/subscriptions/5e94c781-abfd-4ab8-8d16-b3f7d20621df/resourceGroups/assignment-resources/providers/Microsoft.Compute/virtualMachines/assignment-vm"
          },
          "sensitive_attributes": [],
          "private": "eyJlMmJmYjczMC1lY2FhLTExZTYtOGY4OC0zNDM2M2JjN2M0YzAiOnsiY3JlYXRlIjoxODAwMDAwMDAwMDAwLCJkZWxldGUiOjE4MDAwMDAwMDAwMDAsInJlYWQiOjMwMDAwMDAwMDAwMCwidXBkYXRlIjoxODAwMDAwMDAwMDAwfX0=",
          "dependencies": [
            "azurerm_resource_group.assignmentrg",
            "azurerm_subnet.internalsn",
            "azurerm_virtual_network.mainvn"
          ]
        }
      ]
    },
    {
      "mode": "managed",
      "type": "azurerm_resource_group",
      "name": "assignmentrg",
      "provider": "provider[\"registry.terraform.io/hashicorp/azurerm\"]",
      "instances": [
        {
          "schema_version": 0,
          "attributes": {
            "id": "/subscriptions/5e94c781-abfd-4ab8-8d16-b3f7d20621df/resourceGroups/assignment-resources",
            "location": "westeurope",
            "name": "assignment-resources",
            "tags": {},
            "timeouts": null
          },
          "sensitive_attributes": [],
          "private": "eyJlMmJmYjczMC1lY2FhLTExZTYtOGY4OC0zNDM2M2JjN2M0YzAiOnsiY3JlYXRlIjo1NDAwMDAwMDAwMDAwLCJkZWxldGUiOjU0MDAwMDAwMDAwMDAsInJlYWQiOjMwMDAwMDAwMDAwMCwidXBkYXRlIjo1NDAwMDAwMDAwMDAwfX0="
        }
      ]
    },
    {
      "mode": "managed",
      "type": "azurerm_storage_account",
      "name": "assa",
      "provider": "provider[\"registry.terraform.io/hashicorp/azurerm\"]",
      "instances": [
        {
          "schema_version": 3,
          "attributes": {
            "access_tier": "Hot",
            "account_kind": "StorageV2",
            "account_replication_type": "LRS",
            "account_tier": "Standard",
            "allow_nested_items_to_be_public": true,
            "azure_files_authentication": [],
            "blob_properties": [
              {
                "change_feed_enabled": false,
                "change_feed_retention_in_days": 0,
                "container_delete_retention_policy": [],
                "cors_rule": [],
                "default_service_version": "",
                "delete_retention_policy": [],
                "last_access_time_enabled": false,
                "versioning_enabled": false
              }
            ],
            "cross_tenant_replication_enabled": true,
            "custom_domain": [],
            "customer_managed_key": [],
            "default_to_oauth_authentication": false,
            "edge_zone": "",
            "enable_https_traffic_only": true,
            "id": "/subscriptions/5e94c781-abfd-4ab8-8d16-b3f7d20621df/resourceGroups/assignment-resources/providers/Microsoft.Storage/storageAccounts/uetlikstorageacc",
            "identity": [],
            "immutability_policy": [],
            "infrastructure_encryption_enabled": false,
            "is_hns_enabled": false,
            "large_file_share_enabled": null,
            "location": "westeurope",
            "min_tls_version": "TLS1_2",
            "name": "uetlikstorageacc",
            "network_rules": [
              {
                "bypass": [
                  "AzureServices"
                ],
                "default_action": "Allow",
                "ip_rules": [],
                "private_link_access": [],
                "virtual_network_subnet_ids": []
              }
            ],
            "nfsv3_enabled": false,
            "primary_access_key": "4vKmHOopmmqWsPcCFVQcHj/JF8JRcnX/fBRLn8DvKElPfGTIVbU8nMdsHz8mR6loJ9dEefirzlbg+AStignRTg==",
            "primary_blob_connection_string": "DefaultEndpointsProtocol=https;BlobEndpoint=https://uetlikstorageacc.blob.core.windows.net/;AccountName=uetlikstorageacc;AccountKey=4vKmHOopmmqWsPcCFVQcHj/JF8JRcnX/fBRLn8DvKElPfGTIVbU8nMdsHz8mR6loJ9dEefirzlbg+AStignRTg==",
            "primary_blob_endpoint": "https://uetlikstorageacc.blob.core.windows.net/",
            "primary_blob_host": "uetlikstorageacc.blob.core.windows.net",
            "primary_connection_string": "DefaultEndpointsProtocol=https;AccountName=uetlikstorageacc;AccountKey=4vKmHOopmmqWsPcCFVQcHj/JF8JRcnX/fBRLn8DvKElPfGTIVbU8nMdsHz8mR6loJ9dEefirzlbg+AStignRTg==;EndpointSuffix=core.windows.net",
            "primary_dfs_endpoint": "https://uetlikstorageacc.dfs.core.windows.net/",
            "primary_dfs_host": "uetlikstorageacc.dfs.core.windows.net",
            "primary_file_endpoint": "https://uetlikstorageacc.file.core.windows.net/",
            "primary_file_host": "uetlikstorageacc.file.core.windows.net",
            "primary_location": "westeurope",
            "primary_queue_endpoint": "https://uetlikstorageacc.queue.core.windows.net/",
            "primary_queue_host": "uetlikstorageacc.queue.core.windows.net",
            "primary_table_endpoint": "https://uetlikstorageacc.table.core.windows.net/",
            "primary_table_host": "uetlikstorageacc.table.core.windows.net",
            "primary_web_endpoint": "https://uetlikstorageacc.z6.web.core.windows.net/",
            "primary_web_host": "uetlikstorageacc.z6.web.core.windows.net",
            "public_network_access_enabled": true,
            "queue_encryption_key_type": "Service",
            "queue_properties": [
              {
                "cors_rule": [],
                "hour_metrics": [
                  {
                    "enabled": true,
                    "include_apis": true,
                    "retention_policy_days": 7,
                    "version": "1.0"
                  }
                ],
                "logging": [
                  {
                    "delete": false,
                    "read": false,
                    "retention_policy_days": 0,
                    "version": "1.0",
                    "write": false
                  }
                ],
                "minute_metrics": [
                  {
                    "enabled": false,
                    "include_apis": false,
                    "retention_policy_days": 0,
                    "version": "1.0"
                  }
                ]
              }
            ],
            "resource_group_name": "assignment-resources",
            "routing": [],
            "sas_policy": [],
            "secondary_access_key": "iUnPEganMUEdWs/pIQNiz2S7hHBvBbTe2ZEcZRt1Fq7GscQvHU78Xrcfp+zXEhH4R4se8olpuJFt+AStF2+qgg==",
            "secondary_blob_connection_string": "",
            "secondary_blob_endpoint": null,
            "secondary_blob_host": null,
            "secondary_connection_string": "DefaultEndpointsProtocol=https;AccountName=uetlikstorageacc;AccountKey=iUnPEganMUEdWs/pIQNiz2S7hHBvBbTe2ZEcZRt1Fq7GscQvHU78Xrcfp+zXEhH4R4se8olpuJFt+AStF2+qgg==;EndpointSuffix=core.windows.net",
            "secondary_dfs_endpoint": null,
            "secondary_dfs_host": null,
            "secondary_file_endpoint": null,
            "secondary_file_host": null,
            "secondary_location": "",
            "secondary_queue_endpoint": null,
            "secondary_queue_host": null,
            "secondary_table_endpoint": null,
            "secondary_table_host": null,
            "secondary_web_endpoint": null,
            "secondary_web_host": null,
            "sftp_enabled": false,
            "share_properties": [
              {
                "cors_rule": [],
                "retention_policy": [
                  {
                    "days": 7
                  }
                ],
                "smb": []
              }
            ],
            "shared_access_key_enabled": true,
            "static_website": [],
            "table_encryption_key_type": "Service",
            "tags": {
              "environment": "DEOP Assignment"
            },
            "timeouts": null
          },
          "sensitive_attributes": [],
          "private": "eyJlMmJmYjczMC1lY2FhLTExZTYtOGY4OC0zNDM2M2JjN2M0YzAiOnsiY3JlYXRlIjozNjAwMDAwMDAwMDAwLCJkZWxldGUiOjM2MDAwMDAwMDAwMDAsInJlYWQiOjMwMDAwMDAwMDAwMCwidXBkYXRlIjozNjAwMDAwMDAwMDAwfSwic2NoZW1hX3ZlcnNpb24iOiIzIn0=",
          "dependencies": [
            "azurerm_resource_group.assignmentrg"
          ]
        }
      ]
    },
    {
      "mode": "managed",
      "type": "azurerm_subnet",
      "name": "internalsn",
      "provider": "provider[\"registry.terraform.io/hashicorp/azurerm\"]",
      "instances": [
        {
          "schema_version": 0,
          "attributes": {
            "address_prefixes": [
              "10.0.2.0/24"
            ],
            "delegation": [],
            "enforce_private_link_endpoint_network_policies": false,
            "enforce_private_link_service_network_policies": false,
            "id": "/subscriptions/5e94c781-abfd-4ab8-8d16-b3f7d20621df/resourceGroups/assignment-resources/providers/Microsoft.Network/virtualNetworks/assignment-network/subnets/internal",
            "name": "internal",
            "private_endpoint_network_policies_enabled": true,
            "private_link_service_network_policies_enabled": true,
            "resource_group_name": "assignment-resources",
            "service_endpoint_policy_ids": [],
            "service_endpoints": [],
            "timeouts": null,
            "virtual_network_name": "assignment-network"
          },
          "sensitive_attributes": [],
          "private": "eyJlMmJmYjczMC1lY2FhLTExZTYtOGY4OC0zNDM2M2JjN2M0YzAiOnsiY3JlYXRlIjoxODAwMDAwMDAwMDAwLCJkZWxldGUiOjE4MDAwMDAwMDAwMDAsInJlYWQiOjMwMDAwMDAwMDAwMCwidXBkYXRlIjoxODAwMDAwMDAwMDAwfX0=",
          "dependencies": [
            "azurerm_resource_group.assignmentrg",
            "azurerm_virtual_network.mainvn"
          ]
        }
      ]
    },
    {
      "mode": "managed",
      "type": "azurerm_virtual_machine",
      "name": "mainvm",
      "provider": "provider[\"registry.terraform.io/hashicorp/azurerm\"]",
      "instances": [
        {
          "schema_version": 0,
          "attributes": {
            "additional_capabilities": [],
            "availability_set_id": null,
            "boot_diagnostics": [],
            "delete_data_disks_on_termination": true,
            "delete_os_disk_on_termination": true,
            "id": "/subscriptions/5e94c781-abfd-4ab8-8d16-b3f7d20621df/resourceGroups/assignment-resources/providers/Microsoft.Compute/virtualMachines/assignment-vm",
            "identity": [],
            "license_type": null,
            "location": "westeurope",
            "name": "assignment-vm",
            "network_interface_ids": [
              "/subscriptions/5e94c781-abfd-4ab8-8d16-b3f7d20621df/resourceGroups/assignment-resources/providers/Microsoft.Network/networkInterfaces/assignment-nic"
            ],
            "os_profile": [
              {
                "admin_password": "",
                "admin_username": "testadmin",
                "computer_name": "hostname",
                "custom_data": ""
              }
            ],
            "os_profile_linux_config": [
              {
                "disable_password_authentication": false,
                "ssh_keys": []
              }
            ],
            "os_profile_secrets": [],
            "os_profile_windows_config": [],
            "plan": [],
            "primary_network_interface_id": null,
            "proximity_placement_group_id": null,
            "resource_group_name": "assignment-resources",
            "storage_data_disk": [],
            "storage_image_reference": [
              {
                "id": "",
                "offer": "UbuntuServer",
                "publisher": "Canonical",
                "sku": "16.04-LTS",
                "version": "latest"
              }
            ],
            "storage_os_disk": [
              {
                "caching": "ReadWrite",
                "create_option": "FromImage",
                "disk_size_gb": 30,
                "image_uri": "",
                "managed_disk_id": "/subscriptions/5e94c781-abfd-4ab8-8d16-b3f7d20621df/resourceGroups/assignment-resources/providers/Microsoft.Compute/disks/myosdisk1",
                "managed_disk_type": "Standard_LRS",
                "name": "myosdisk1",
                "os_type": "Linux",
                "vhd_uri": "",
                "write_accelerator_enabled": false
              }
            ],
            "tags": {
              "environment": "DEOP Assignment"
            },
            "timeouts": null,
            "vm_size": "Standard_DS1_v2",
            "zones": []
          },
          "sensitive_attributes": [],
          "private": "eyJlMmJmYjczMC1lY2FhLTExZTYtOGY4OC0zNDM2M2JjN2M0YzAiOnsiY3JlYXRlIjozNjAwMDAwMDAwMDAwLCJkZWxldGUiOjM2MDAwMDAwMDAwMDAsInJlYWQiOjMwMDAwMDAwMDAwMCwidXBkYXRlIjozNjAwMDAwMDAwMDAwfX0=",
          "dependencies": [
            "azurerm_network_interface.mainni",
            "azurerm_resource_group.assignmentrg",
            "azurerm_subnet.internalsn",
            "azurerm_virtual_network.mainvn"
          ]
        }
      ]
    },
    {
      "mode": "managed",
      "type": "azurerm_virtual_network",
      "name": "mainvn",
      "provider": "provider[\"registry.terraform.io/hashicorp/azurerm\"]",
      "instances": [
        {
          "schema_version": 0,
          "attributes": {
            "address_space": [
              "10.0.0.0/16"
            ],
            "bgp_community": "",
            "ddos_protection_plan": [],
            "dns_servers": [],
            "edge_zone": "",
            "flow_timeout_in_minutes": 0,
            "guid": "a67f6133-d2f5-4742-a3c1-fdab1d149156",
            "id": "/subscriptions/5e94c781-abfd-4ab8-8d16-b3f7d20621df/resourceGroups/assignment-resources/providers/Microsoft.Network/virtualNetworks/assignment-network",
            "location": "westeurope",
            "name": "assignment-network",
            "resource_group_name": "assignment-resources",
            "subnet": [
              {
                "address_prefix": "10.0.2.0/24",
                "id": "/subscriptions/5e94c781-abfd-4ab8-8d16-b3f7d20621df/resourceGroups/assignment-resources/providers/Microsoft.Network/virtualNetworks/assignment-network/subnets/internal",
                "name": "internal",
                "security_group": ""
              }
            ],
            "tags": {},
            "timeouts": null
          },
          "sensitive_attributes": [],
          "private": "eyJlMmJmYjczMC1lY2FhLTExZTYtOGY4OC0zNDM2M2JjN2M0YzAiOnsiY3JlYXRlIjoxODAwMDAwMDAwMDAwLCJkZWxldGUiOjE4MDAwMDAwMDAwMDAsInJlYWQiOjMwMDAwMDAwMDAwMCwidXBkYXRlIjoxODAwMDAwMDAwMDAwfX0=",
          "dependencies": [
            "azurerm_resource_group.assignmentrg"
          ]
        }
      ]
    }
  ],
  "check_results": null
}
